// !$*UTF8*$!
{
	archiveVersion = 1;
	classes = {
	};
	objectVersion = 50;
	objects = {

/* Begin PBXBuildFile section */
		BAA0041F231A6B21003D9FB5 /* AppDelegate.swift in Sources */ = {isa = PBXBuildFile; fileRef = BAA0041E231A6B21003D9FB5 /* AppDelegate.swift */; };
		BAA00428231A6B21003D9FB5 /* Main.storyboard in Resources */ = {isa = PBXBuildFile; fileRef = BAA00426231A6B21003D9FB5 /* Main.storyboard */; };
		BAA0042A231A6B22003D9FB5 /* Assets.xcassets in Resources */ = {isa = PBXBuildFile; fileRef = BAA00429231A6B22003D9FB5 /* Assets.xcassets */; };
		BAA0042D231A6B22003D9FB5 /* LaunchScreen.storyboard in Resources */ = {isa = PBXBuildFile; fileRef = BAA0042B231A6B22003D9FB5 /* LaunchScreen.storyboard */; };
		BAA00437231A6B82003D9FB5 /* LocalAuthenticationViewController.swift in Sources */ = {isa = PBXBuildFile; fileRef = BAA00434231A6B82003D9FB5 /* LocalAuthenticationViewController.swift */; };
		BAA00438231A6B82003D9FB5 /* Keychain.swift in Sources */ = {isa = PBXBuildFile; fileRef = BAA00435231A6B82003D9FB5 /* Keychain.swift */; };
		BAA00439231A6B82003D9FB5 /* KeychainViewController.swift in Sources */ = {isa = PBXBuildFile; fileRef = BAA00436231A6B82003D9FB5 /* KeychainViewController.swift */; };
/* End PBXBuildFile section */

/* Begin PBXFileReference section */
		BAA0041B231A6B21003D9FB5 /* BiometricsExample.app */ = {isa = PBXFileReference; explicitFileType = wrapper.application; includeInIndex = 0; path = BiometricsExample.app; sourceTree = BUILT_PRODUCTS_DIR; };
		BAA0041E231A6B21003D9FB5 /* AppDelegate.swift */ = {isa = PBXFileReference; lastKnownFileType = sourcecode.swift; path = AppDelegate.swift; sourceTree = "<group>"; };
		BAA00427231A6B21003D9FB5 /* Base */ = {isa = PBXFileReference; lastKnownFileType = file.storyboard; name = Base; path = Base.lproj/Main.storyboard; sourceTree = "<group>"; };
		BAA00429231A6B22003D9FB5 /* Assets.xcassets */ = {isa = PBXFileReference; lastKnownFileType = folder.assetcatalog; path = Assets.xcassets; sourceTree = "<group>"; };
		BAA0042C231A6B22003D9FB5 /* Base */ = {isa = PBXFileReference; lastKnownFileType = file.storyboard; name = Base; path = Base.lproj/LaunchScreen.storyboard; sourceTree = "<group>"; };
		BAA0042E231A6B22003D9FB5 /* Info.plist */ = {isa = PBXFileReference; lastKnownFileType = text.plist.xml; path = Info.plist; sourceTree = "<group>"; };
		BAA00434231A6B82003D9FB5 /* LocalAuthenticationViewController.swift */ = {isa = PBXFileReference; fileEncoding = 4; lastKnownFileType = sourcecode.swift; path = LocalAuthenticationViewController.swift; sourceTree = "<group>"; };
		BAA00435231A6B82003D9FB5 /* Keychain.swift */ = {isa = PBXFileReference; fileEncoding = 4; lastKnownFileType = sourcecode.swift; path = Keychain.swift; sourceTree = "<group>"; };
		BAA00436231A6B82003D9FB5 /* KeychainViewController.swift */ = {isa = PBXFileReference; fileEncoding = 4; lastKnownFileType = sourcecode.swift; path = KeychainViewController.swift; sourceTree = "<group>"; };
/* End PBXFileReference section */

/* Begin PBXFrameworksBuildPhase section */
		BAA00418231A6B21003D9FB5 /* Frameworks */ = {
			isa = PBXFrameworksBuildPhase;
			buildActionMask = 2147483647;
			files = (
			);
			runOnlyForDeploymentPostprocessing = 0;
		};
/* End PBXFrameworksBuildPhase section */

/* Begin PBXGroup section */
		BAA00412231A6B21003D9FB5 = {
			isa = PBXGroup;
			children = (
				BAA0041D231A6B21003D9FB5 /* BiometricsExample */,
				BAA0041C231A6B21003D9FB5 /* Products */,
			);
			sourceTree = "<group>";
		};
		BAA0041C231A6B21003D9FB5 /* Products */ = {
			isa = PBXGroup;
			children = (
				BAA0041B231A6B21003D9FB5 /* BiometricsExample.app */,
			);
			name = Products;
			sourceTree = "<group>";
		};
		BAA0041D231A6B21003D9FB5 /* BiometricsExample */ = {
			isa = PBXGroup;
			children = (
				BAA0041E231A6B21003D9FB5 /* AppDelegate.swift */,
				BAA00435231A6B82003D9FB5 /* Keychain.swift */,
				BAA00436231A6B82003D9FB5 /* KeychainViewController.swift */,
				BAA00434231A6B82003D9FB5 /* LocalAuthenticationViewController.swift */,
				BAA00426231A6B21003D9FB5 /* Main.storyboard */,
				BAA00429231A6B22003D9FB5 /* Assets.xcassets */,
				BAA0042B231A6B22003D9FB5 /* LaunchScreen.storyboard */,
				BAA0042E231A6B22003D9FB5 /* Info.plist */,
			);
			path = BiometricsExample;
			sourceTree = "<group>";
		};
/* End PBXGroup section */

/* Begin PBXNativeTarget section */
		BAA0041A231A6B21003D9FB5 /* BiometricsExample */ = {
			isa = PBXNativeTarget;
			buildConfigurationList = BAA00431231A6B22003D9FB5 /* Build configuration list for PBXNativeTarget "BiometricsExample" */;
			buildPhases = (
				BAA00417231A6B21003D9FB5 /* Sources */,
				BAA00418231A6B21003D9FB5 /* Frameworks */,
				BAA00419231A6B21003D9FB5 /* Resources */,
			);
			buildRules = (
			);
			dependencies = (
			);
			name = BiometricsExample;
			productName = BiometricsExample;
			productReference = BAA0041B231A6B21003D9FB5 /* BiometricsExample.app */;
			productType = "com.apple.product-type.application";
		};
/* End PBXNativeTarget section */

/* Begin PBXProject section */
		BAA00413231A6B21003D9FB5 /* Project object */ = {
			isa = PBXProject;
			attributes = {
				LastSwiftUpdateCheck = 1100;
				LastUpgradeCheck = 1100;
				ORGANIZATIONNAME = "Pawel Rup";
				TargetAttributes = {
					BAA0041A231A6B21003D9FB5 = {
						CreatedOnToolsVersion = 11.0;
					};
				};
			};
			buildConfigurationList = BAA00416231A6B21003D9FB5 /* Build configuration list for PBXProject "BiometricsExample" */;
			compatibilityVersion = "Xcode 9.3";
			developmentRegion = en;
			hasScannedForEncodings = 0;
			knownRegions = (
				en,
				Base,
			);
			mainGroup = BAA00412231A6B21003D9FB5;
			productRefGroup = BAA0041C231A6B21003D9FB5 /* Products */;
			projectDirPath = "";
			projectRoot = "";
			targets = (
				BAA0041A231A6B21003D9FB5 /* BiometricsExample */,
			);
		};
/* End PBXProject section */

/* Begin PBXResourcesBuildPhase section */
		BAA00419231A6B21003D9FB5 /* Resources */ = {
			isa = PBXResourcesBuildPhase;
			buildActionMask = 2147483647;
			files = (
				BAA0042D231A6B22003D9FB5 /* LaunchScreen.storyboard in Resources */,
				BAA0042A231A6B22003D9FB5 /* Assets.xcassets in Resources */,
				BAA00428231A6B21003D9FB5 /* Main.storyboard in Resources */,
			);
			runOnlyForDeploymentPostprocessing = 0;
		};
/* End PBXResourcesBuildPhase section */

/* Begin PBXSourcesBuildPhase section */
		BAA00417231A6B21003D9FB5 /* Sources */ = {
			isa = PBXSourcesBuildPhase;
			buildActionMask = 2147483647;
			files = (
				BAA00437231A6B82003D9FB5 /* LocalAuthenticationViewController.swift in Sources */,
				BAA0041F231A6B21003D9FB5 /* AppDelegate.swift in Sources */,
				BAA00439231A6B82003D9FB5 /* KeychainViewController.swift in Sources */,
				BAA00438231A6B82003D9FB5 /* Keychain.swift in Sources */,
			);
			runOnlyForDeploymentPostprocessing = 0;
		};
/* End PBXSourcesBuildPhase section */

/* Begin PBXVariantGroup section */
		BAA00426231A6B21003D9FB5 /* Main.storyboard */ = {
			isa = PBXVariantGroup;
			children = (
				BAA00427231A6B21003D9FB5 /* Base */,
			);
			name = Main.storyboard;
			sourceTree = "<group>";
		};
		BAA0042B231A6B22003D9FB5 /* LaunchScreen.storyboard */ = {
			isa = PBXVariantGroup;
			children = (
				BAA0042C231A6B22003D9FB5 /* Base */,
			);
			name = LaunchScreen.storyboard;
			sourceTree = "<group>";
		};
/* End PBXVariantGroup section */

/* Begin XCBuildConfiguration section */
		BAA0042F231A6B22003D9FB5 /* Debug */ = {
			isa = XCBuildConfiguration;
			buildSettings = {
				ALWAYS_SEARCH_USER_PATHS = NO;
				CLANG_ANALYZER_NONNULL = YES;
				CLANG_ANALYZER_NUMBER_OBJECT_CONVERSION = YES_AGGRESSIVE;
				CLANG_CXX_LANGUAGE_STANDARD = "gnu++14";
				CLANG_CXX_LIBRARY = "libc++";
				CLANG_ENABLE_MODULES = YES;
				CLANG_ENABLE_OBJC_ARC = YES;
				CLANG_ENABLE_OBJC_WEAK = YES;
				CLANG_WARN_BLOCK_CAPTURE_AUTORELEASING = YES;
				CLANG_WARN_BOOL_CONVERSION = YES;
				CLANG_WARN_COMMA = YES;
				CLANG_WARN_CONSTANT_CONVERSION = YES;
				CLANG_WARN_DEPRECATED_OBJC_IMPLEMENTATIONS = YES;
				CLANG_WARN_DIRECT_OBJC_ISA_USAGE = YES_ERROR;
				CLANG_WARN_DOCUMENTATION_COMMENTS = YES;
				CLANG_WARN_EMPTY_BODY = YES;
				CLANG_WARN_ENUM_CONVERSION = YES;
				CLANG_WARN_INFINITE_RECURSION = YES;
				CLANG_WARN_INT_CONVERSION = YES;
				CLANG_WARN_NON_LITERAL_NULL_CONVERSION = YES;
				CLANG_WARN_OBJC_IMPLICIT_RETAIN_SELF = YES;
				CLANG_WARN_OBJC_LITERAL_CONVERSION = YES;
				CLANG_WARN_OBJC_ROOT_CLASS = YES_ERROR;
				CLANG_WARN_RANGE_LOOP_ANALYSIS = YES;
				CLANG_WARN_STRICT_PROTOTYPES = YES;
				CLANG_WARN_SUSPICIOUS_MOVE = YES;
				CLANG_WARN_UNGUARDED_AVAILABILITY = YES_AGGRESSIVE;
				CLANG_WARN_UNREACHABLE_CODE = YES;
				CLANG_WARN__DUPLICATE_METHOD_MATCH = YES;
				COPY_PHASE_STRIP = NO;
				DEBUG_INFORMATION_FORMAT = dwarf;
				ENABLE_STRICT_OBJC_MSGSEND = YES;
				ENABLE_TESTABILITY = YES;
				GCC_C_LANGUAGE_STANDARD = gnu11;
				GCC_DYNAMIC_NO_PIC = NO;
				GCC_NO_COMMON_BLOCKS = YES;
				GCC_OPTIMIZATION_LEVEL = 0;
				GCC_PREPROCESSOR_DEFINITIONS = (
					"DEBUG=1",
					"$(inherited)",
				);
				GCC_WARN_64_TO_32_BIT_CONVERSION = YES;
				GCC_WARN_ABOUT_RETURN_TYPE = YES_ERROR;
				GCC_WARN_UNDECLARED_SELECTOR = YES;
				GCC_WARN_UNINITIALIZED_AUTOS = YES_AGGRESSIVE;
				GCC_WARN_UNUSED_FUNCTION = YES;
				GCC_WARN_UNUSED_VARIABLE = YES;
				IPHONEOS_DEPLOYMENT_TARGET = 13.0;
				MTL_ENABLE_DEBUG_INFO = INCLUDE_SOURCE;
				MTL_FAST_MATH = YES;
				ONLY_ACTIVE_ARCH = YES;
				SDKROOT = iphoneos;
				SWIFT_ACTIVE_COMPILATION_CONDITIONS = DEBUG;
				SWIFT_OPTIMIZATION_LEVEL = "-Onone";
			};
			name = Debug;
		};
		BAA00430231A6B22003D9FB5 /* Release */ = {
			isa = XCBuildConfiguration;
			buildSettings = {
				ALWAYS_SEARCH_USER_PATHS = NO;
				CLANG_ANALYZER_NONNULL = YES;
				CLANG_ANALYZER_NUMBER_OBJECT_CONVERSION = YES_AGGRESSIVE;
				CLANG_CXX_LANGUAGE_STANDARD = "gnu++14";
				CLANG_CXX_LIBRARY = "libc++";
				CLANG_ENABLE_MODULES = YES;
				CLANG_ENABLE_OBJC_ARC = YES;
				CLANG_ENABLE_OBJC_WEAK = YES;
				CLANG_WARN_BLOCK_CAPTURE_AUTORELEASING = YES;
				CLANG_WARN_BOOL_CONVERSION = YES;
				CLANG_WARN_COMMA = YES;
				CLANG_WARN_CONSTANT_CONVERSION = YES;
				CLANG_WARN_DEPRECATED_OBJC_IMPLEMENTATIONS = YES;
				CLANG_WARN_DIRECT_OBJC_ISA_USAGE = YES_ERROR;
				CLANG_WARN_DOCUMENTATION_COMMENTS = YES;
				CLANG_WARN_EMPTY_BODY = YES;
				CLANG_WARN_ENUM_CONVERSION = YES;
				CLANG_WARN_INFINITE_RECURSION = YES;
				CLANG_WARN_INT_CONVERSION = YES;
				CLANG_WARN_NON_LITERAL_NULL_CONVERSION = YES;
				CLANG_WARN_OBJC_IMPLICIT_RETAIN_SELF = YES;
				CLANG_WARN_OBJC_LITERAL_CONVERSION = YES;
				CLANG_WARN_OBJC_ROOT_CLASS = YES_ERROR;
				CLANG_WARN_RANGE_LOOP_ANALYSIS = YES;
				CLANG_WARN_STRICT_PROTOTYPES = YES;
				CLANG_WARN_SUSPICIOUS_MOVE = YES;
				CLANG_WARN_UNGUARDED_AVAILABILITY = YES_AGGRESSIVE;
				CLANG_WARN_UNREACHABLE_CODE = YES;
				CLANG_WARN__DUPLICATE_METHOD_MATCH = YES;
				COPY_PHASE_STRIP = NO;
				DEBUG_INFORMATION_FORMAT = "dwarf-with-dsym";
				ENABLE_NS_ASSERTIONS = NO;
				ENABLE_STRICT_OBJC_MSGSEND = YES;
				GCC_C_LANGUAGE_STANDARD = gnu11;
				GCC_NO_COMMON_BLOCKS = YES;
				GCC_WARN_64_TO_32_BIT_CONVERSION = YES;
				GCC_WARN_ABOUT_RETURN_TYPE = YES_ERROR;
				GCC_WARN_UNDECLARED_SELECTOR = YES;
				GCC_WARN_UNINITIALIZED_AUTOS = YES_AGGRESSIVE;
				GCC_WARN_UNUSED_FUNCTION = YES;
				GCC_WARN_UNUSED_VARIABLE = YES;
				IPHONEOS_DEPLOYMENT_TARGET = 13.0;
				MTL_ENABLE_DEBUG_INFO = NO;
				MTL_FAST_MATH = YES;
				SDKROOT = iphoneos;
				SWIFT_COMPILATION_MODE = wholemodule;
				SWIFT_OPTIMIZATION_LEVEL = "-O";
				VALIDATE_PRODUCT = YES;
			};
			name = Release;
		};
		BAA00432231A6B22003D9FB5 /* Debug */ = {
			isa = XCBuildConfiguration;
			buildSettings = {
				ASSETCATALOG_COMPILER_APPICON_NAME = AppIcon;
				CODE_SIGN_STYLE = Automatic;
				DEVELOPMENT_TEAM = 22K7B3DLV4;
				INFOPLIST_FILE = BiometricsExample/Info.plist;
				IPHONEOS_DEPLOYMENT_TARGET = 10.3;
				LD_RUNPATH_SEARCH_PATHS = (
					"$(inherited)",
					"@executable_path/Frameworks",
				);
				PRODUCT_BUNDLE_IDENTIFIER = pl.lobocode.BiometricsExample;
				PRODUCT_NAME = "$(TARGET_NAME)";
				SWIFT_VERSION = 5.0;
				TARGETED_DEVICE_FAMILY = "1,2";
			};
			name = Debug;
		};
		BAA00433231A6B22003D9FB5 /* Release */ = {
			isa = XCBuildConfiguration;
			buildSettings = {
				ASSETCATALOG_COMPILER_APPICON_NAME = AppIcon;
				CODE_SIGN_STYLE = Automatic;
				DEVELOPMENT_TEAM = 22K7B3DLV4;
				INFOPLIST_FILE = BiometricsExample/Info.plist;
				IPHONEOS_DEPLOYMENT_TARGET = 10.3;
				LD_RUNPATH_SEARCH_PATHS = (
					"$(inherited)",
					"@executable_path/Frameworks",
				);
				PRODUCT_BUNDLE_IDENTIFIER = pl.lobocode.BiometricsExample;
				PRODUCT_NAME = "$(TARGET_NAME)";
				SWIFT_VERSION = 5.0;
				TARGETED_DEVICE_FAMILY = "1,2";
			};
			name = Release;
		};
/* End XCBuildConfiguration section */

/* Begin XCConfigurationList section */
		BAA00416231A6B21003D9FB5 /* Build configuration list for PBXProject "BiometricsExample" */ = {
			isa = XCConfigurationList;
			buildConfigurations = (
				BAA0042F231A6B22003D9FB5 /* Debug */,
				BAA00430231A6B22003D9FB5 /* Release */,
			);
			defaultConfigurationIsVisible = 0;
			defaultConfigurationName = Release;
		};
		BAA00431231A6B22003D9FB5 /* Build configuration list for PBXNativeTarget "BiometricsExample" */ = {
			isa = XCConfigurationList;
			buildConfigurations = (
				BAA00432231A6B22003D9FB5 /* Debug */,
				BAA00433231A6B22003D9FB5 /* Release */,
			);
			defaultConfigurationIsVisible = 0;
			defaultConfigurationName = Release;
		};
/* End XCConfigurationList section */
	};
	rootObject = BAA00413231A6B21003D9FB5 /* Project object */;
}
